
Microsoft Visual Studio Solution File, Format Version 12.00
# Visual Studio 15
VisualStudioVersion = 15.0.26730.16
MinimumVisualStudioVersion = 10.0.40219.1
Project("{FAE04EC0-301F-11D3-BF4B-00C04F79EFBC}") = "TanksServer", "TanksServer\TanksServer.csproj", "{25FAD8BE-D4FC-4AB5-B549-596BEF5B1668}"
EndProject
Project("{FAE04EC0-301F-11D3-BF4B-00C04F79EFBC}") = "TanksCommon", "TanksCommon\TanksCommon.csproj", "{418E5C7A-259D-4300-9EA6-C61D6FCAB1D2}"
EndProject
Project("{FAE04EC0-301F-11D3-BF4B-00C04F79EFBC}") = "ClientTester", "ClientTester\ClientTester.csproj", "{F889A498-1E4C-41D2-BE37-31F95117EAA8}"
EndProject
Project("{FAE04EC0-301F-11D3-BF4B-00C04F79EFBC}") = "GameServer", "GameServer\GameServer.csproj", "{A4E35573-F136-4A73-99A5-3F3852545801}"
EndProject
Project("{FAE04EC0-301F-11D3-BF4B-00C04F79EFBC}") = "Game", "Game\Game.csproj", "{0B439BE5-65D6-47E2-A8B1-2877F536599D}"
EndProject
Project("{FAE04EC0-301F-11D3-BF4B-00C04F79EFBC}") = "GameCom", "GameCom\GameCom.csproj", "{55C4506C-DF2F-4F89-85A3-A72494EB312F}"
EndProject
Project("{FAE04EC0-301F-11D3-BF4B-00C04F79EFBC}") = "TanksTest", "TanksCommonTest\TanksTest.csproj", "{A7144A25-849C-49ED-9A3F-B76604F59D74}"
EndProject
Global
	GlobalSection(SolutionConfigurationPlatforms) = preSolution
		Debug|Any CPU = Debug|Any CPU
		Release|Any CPU = Release|Any CPU
	EndGlobalSection
	GlobalSection(ProjectConfigurationPlatforms) = postSolution
		{25FAD8BE-D4FC-4AB5-B549-596BEF5B1668}.Debug|Any CPU.ActiveCfg = Debug|Any CPU
		{25FAD8BE-D4FC-4AB5-B549-596BEF5B1668}.Debug|Any CPU.Build.0 = Debug|Any CPU
		{25FAD8BE-D4FC-4AB5-B549-596BEF5B1668}.Release|Any CPU.ActiveCfg = Release|Any CPU
		{25FAD8BE-D4FC-4AB5-B549-596BEF5B1668}.Release|Any CPU.Build.0 = Release|Any CPU
		{418E5C7A-259D-4300-9EA6-C61D6FCAB1D2}.Debug|Any CPU.ActiveCfg = Debug|Any CPU
		{418E5C7A-259D-4300-9EA6-C61D6FCAB1D2}.Debug|Any CPU.Build.0 = Debug|Any CPU
		{418E5C7A-259D-4300-9EA6-C61D6FCAB1D2}.Release|Any CPU.ActiveCfg = Release|Any CPU
		{418E5C7A-259D-4300-9EA6-C61D6FCAB1D2}.Release|Any CPU.Build.0 = Release|Any CPU
		{F889A498-1E4C-41D2-BE37-31F95117EAA8}.Debug|Any CPU.ActiveCfg = Debug|Any CPU
		{F889A498-1E4C-41D2-BE37-31F95117EAA8}.Debug|Any CPU.Build.0 = Debug|Any CPU
		{F889A498-1E4C-41D2-BE37-31F95117EAA8}.Release|Any CPU.ActiveCfg = Release|Any CPU
		{F889A498-1E4C-41D2-BE37-31F95117EAA8}.Release|Any CPU.Build.0 = Release|Any CPU
		{A4E35573-F136-4A73-99A5-3F3852545801}.Debug|Any CPU.ActiveCfg = Debug|Any CPU
		{A4E35573-F136-4A73-99A5-3F3852545801}.Debug|Any CPU.Build.0 = Debug|Any CPU
		{A4E35573-F136-4A73-99A5-3F3852545801}.Release|Any CPU.ActiveCfg = Release|Any CPU
		{A4E35573-F136-4A73-99A5-3F3852545801}.Release|Any CPU.Build.0 = Release|Any CPU
		{0B439BE5-65D6-47E2-A8B1-2877F536599D}.Debug|Any CPU.ActiveCfg = Debug|Any CPU
		{0B439BE5-65D6-47E2-A8B1-2877F536599D}.Debug|Any CPU.Build.0 = Debug|Any CPU
		{0B439BE5-65D6-47E2-A8B1-2877F536599D}.Release|Any CPU.ActiveCfg = Release|Any CPU
		{0B439BE5-65D6-47E2-A8B1-2877F536599D}.Release|Any CPU.Build.0 = Release|Any CPU
		{55C4506C-DF2F-4F89-85A3-A72494EB312F}.Debug|Any CPU.ActiveCfg = Debug|Any CPU
		{55C4506C-DF2F-4F89-85A3-A72494EB312F}.Debug|Any CPU.Build.0 = Debug|Any CPU
		{55C4506C-DF2F-4F89-85A3-A72494EB312F}.Release|Any CPU.ActiveCfg = Release|Any CPU
		{55C4506C-DF2F-4F89-85A3-A72494EB312F}.Release|Any CPU.Build.0 = Release|Any CPU
		{A7144A25-849C-49ED-9A3F-B76604F59D74}.Debug|Any CPU.ActiveCfg = Debug|Any CPU
		{A7144A25-849C-49ED-9A3F-B76604F59D74}.Debug|Any CPU.Build.0 = Debug|Any CPU
		{A7144A25-849C-49ED-9A3F-B76604F59D74}.Release|Any CPU.ActiveCfg = Release|Any CPU
		{A7144A25-849C-49ED-9A3F-B76604F59D74}.Release|Any CPU.Build.0 = Release|Any CPU
	EndGlobalSection
	GlobalSection(SolutionProperties) = preSolution
		HideSolutionNode = FALSE
	EndGlobalSection
	GlobalSection(ExtensibilityGlobals) = postSolution
		SolutionGuid = {4BB2AB4A-67EA-41EE-9CC6-23EB55B30DC0}
	EndGlobalSection
EndGlobal
